
Microsoft Visual Studio Solution File, Format Version 12.00
# Visual Studio 15
Project("{FAE04EC0-301F-11D3-BF4B-00C04F79EFBC}") = "SimpleWebTransport", "SimpleWebTransport.csproj", "{FB15FAE6-7151-69D9-F10B-DC53DF20070A}"
EndProject
Project("{FAE04EC0-301F-11D3-BF4B-00C04F79EFBC}") = "Mirror", "Mirror.csproj", "{235CC5A7-5FF5-BAA1-589A-51B163D86B0D}"
EndProject
Project("{FAE04EC0-301F-11D3-BF4B-00C04F79EFBC}") = "Telepathy", "Telepathy.csproj", "{255FE61F-E1A1-7C9E-5461-0F6DFCE6C8BD}"
EndProject
Project("{FAE04EC0-301F-11D3-BF4B-00C04F79EFBC}") = "Mirror.Cloud", "Mirror.Cloud.csproj", "{0CAA30BE-BC6F-2026-6490-51EB07993EEE}"
EndProject
Project("{FAE04EC0-301F-11D3-BF4B-00C04F79EFBC}") = "Mirror.Components", "Mirror.Components.csproj", "{987A4007-54EA-3F4E-0924-628BDB91B6D1}"
EndProject
Project("{FAE04EC0-301F-11D3-BF4B-00C04F79EFBC}") = "Mirror.Examples", "Mirror.Examples.csproj", "{909D854D-4F9D-CC03-A21F-3035638681FB}"
EndProject
Project("{FAE04EC0-301F-11D3-BF4B-00C04F79EFBC}") = "Assembly-CSharp", "Assembly-CSharp.csproj", "{22625C7B-0696-D81D-B0BD-84BCF87812AF}"
EndProject
Project("{FAE04EC0-301F-11D3-BF4B-00C04F79EFBC}") = "Mirror.Examples.Cloud.GUI", "Mirror.Examples.Cloud.GUI.csproj", "{09551848-1621-A01D-AEE7-3F2E1144D94E}"
EndProject
Project("{FAE04EC0-301F-11D3-BF4B-00C04F79EFBC}") = "kcp2k", "kcp2k.csproj", "{89526FD2-555A-3599-5558-0741EE8CA68D}"
EndProject
Project("{FAE04EC0-301F-11D3-BF4B-00C04F79EFBC}") = "Mirror.Examples.Cloud.Pong", "Mirror.Examples.Cloud.Pong.csproj", "{EB7C6D80-2648-F322-06B0-3DE8612EF9C4}"
EndProject
Project("{FAE04EC0-301F-11D3-BF4B-00C04F79EFBC}") = "Mirror.Authenticators", "Mirror.Authenticators.csproj", "{44D44C93-E0C1-F333-A925-732F9B42B6A0}"
EndProject
Project("{FAE04EC0-301F-11D3-BF4B-00C04F79EFBC}") = "Mirror.Weaver", "Mirror.Weaver.csproj", "{8321F2AC-6784-9ED7-304A-0AC975152C3B}"
EndProject
Project("{FAE04EC0-301F-11D3-BF4B-00C04F79EFBC}") = "Mirror.Editor", "Mirror.Editor.csproj", "{5C73670C-44D9-AEA3-B2A0-E29577A951A9}"
EndProject
Project("{FAE04EC0-301F-11D3-BF4B-00C04F79EFBC}") = "Mirror.CompilerSymbols", "Mirror.CompilerSymbols.csproj", "{9E57C660-E78C-D2A0-0F67-DF3E6905D1AD}"
EndProject
Global
	GlobalSection(SolutionConfigurationPlatforms) = preSolution
		Debug|Any CPU = Debug|Any CPU
		Release|Any CPU = Release|Any CPU
	EndGlobalSection
	GlobalSection(ProjectConfigurationPlatforms) = postSolution
		{FB15FAE6-7151-69D9-F10B-DC53DF20070A}.Debug|Any CPU.ActiveCfg = Debug|Any CPU
		{FB15FAE6-7151-69D9-F10B-DC53DF20070A}.Debug|Any CPU.Build.0 = Debug|Any CPU
		{FB15FAE6-7151-69D9-F10B-DC53DF20070A}.Release|Any CPU.ActiveCfg = Release|Any CPU
		{FB15FAE6-7151-69D9-F10B-DC53DF20070A}.Release|Any CPU.Build.0 = Release|Any CPU
		{235CC5A7-5FF5-BAA1-589A-51B163D86B0D}.Debug|Any CPU.ActiveCfg = Debug|Any CPU
		{235CC5A7-5FF5-BAA1-589A-51B163D86B0D}.Debug|Any CPU.Build.0 = Debug|Any CPU
		{235CC5A7-5FF5-BAA1-589A-51B163D86B0D}.Release|Any CPU.ActiveCfg = Release|Any CPU
		{235CC5A7-5FF5-BAA1-589A-51B163D86B0D}.Release|Any CPU.Build.0 = Release|Any CPU
		{255FE61F-E1A1-7C9E-5461-0F6DFCE6C8BD}.Debug|Any CPU.ActiveCfg = Debug|Any CPU
		{255FE61F-E1A1-7C9E-5461-0F6DFCE6C8BD}.Debug|Any CPU.Build.0 = Debug|Any CPU
		{255FE61F-E1A1-7C9E-5461-0F6DFCE6C8BD}.Release|Any CPU.ActiveCfg = Release|Any CPU
		{255FE61F-E1A1-7C9E-5461-0F6DFCE6C8BD}.Release|Any CPU.Build.0 = Release|Any CPU
		{0CAA30BE-BC6F-2026-6490-51EB07993EEE}.Debug|Any CPU.ActiveCfg = Debug|Any CPU
		{0CAA30BE-BC6F-2026-6490-51EB07993EEE}.Debug|Any CPU.Build.0 = Debug|Any CPU
		{0CAA30BE-BC6F-2026-6490-51EB07993EEE}.Release|Any CPU.ActiveCfg = Release|Any CPU
		{0CAA30BE-BC6F-2026-6490-51EB07993EEE}.Release|Any CPU.Build.0 = Release|Any CPU
		{987A4007-54EA-3F4E-0924-628BDB91B6D1}.Debug|Any CPU.ActiveCfg = Debug|Any CPU
		{987A4007-54EA-3F4E-0924-628BDB91B6D1}.Debug|Any CPU.Build.0 = Debug|Any CPU
		{987A4007-54EA-3F4E-0924-628BDB91B6D1}.Release|Any CPU.ActiveCfg = Release|Any CPU
		{987A4007-54EA-3F4E-0924-628BDB91B6D1}.Release|Any CPU.Build.0 = Release|Any CPU
		{909D854D-4F9D-CC03-A21F-3035638681FB}.Debug|Any CPU.ActiveCfg = Debug|Any CPU
		{909D854D-4F9D-CC03-A21F-3035638681FB}.Debug|Any CPU.Build.0 = Debug|Any CPU
		{909D854D-4F9D-CC03-A21F-3035638681FB}.Release|Any CPU.ActiveCfg = Release|Any CPU
		{909D854D-4F9D-CC03-A21F-3035638681FB}.Release|Any CPU.Build.0 = Release|Any CPU
		{22625C7B-0696-D81D-B0BD-84BCF87812AF}.Debug|Any CPU.ActiveCfg = Debug|Any CPU
		{22625C7B-0696-D81D-B0BD-84BCF87812AF}.Debug|Any CPU.Build.0 = Debug|Any CPU
		{22625C7B-0696-D81D-B0BD-84BCF87812AF}.Release|Any CPU.ActiveCfg = Release|Any CPU
		{22625C7B-0696-D81D-B0BD-84BCF87812AF}.Release|Any CPU.Build.0 = Release|Any CPU
		{09551848-1621-A01D-AEE7-3F2E1144D94E}.Debug|Any CPU.ActiveCfg = Debug|Any CPU
		{09551848-1621-A01D-AEE7-3F2E1144D94E}.Debug|Any CPU.Build.0 = Debug|Any CPU
		{09551848-1621-A01D-AEE7-3F2E1144D94E}.Release|Any CPU.ActiveCfg = Release|Any CPU
		{09551848-1621-A01D-AEE7-3F2E1144D94E}.Release|Any CPU.Build.0 = Release|Any CPU
		{89526FD2-555A-3599-5558-0741EE8CA68D}.Debug|Any CPU.ActiveCfg = Debug|Any CPU
		{89526FD2-555A-3599-5558-0741EE8CA68D}.Debug|Any CPU.Build.0 = Debug|Any CPU
		{89526FD2-555A-3599-5558-0741EE8CA68D}.Release|Any CPU.ActiveCfg = Release|Any CPU
		{89526FD2-555A-3599-5558-0741EE8CA68D}.Release|Any CPU.Build.0 = Release|Any CPU
		{EB7C6D80-2648-F322-06B0-3DE8612EF9C4}.Debug|Any CPU.ActiveCfg = Debug|Any CPU
		{EB7C6D80-2648-F322-06B0-3DE8612EF9C4}.Debug|Any CPU.Build.0 = Debug|Any CPU
		{EB7C6D80-2648-F322-06B0-3DE8612EF9C4}.Release|Any CPU.ActiveCfg = Release|Any CPU
		{EB7C6D80-2648-F322-06B0-3DE8612EF9C4}.Release|Any CPU.Build.0 = Release|Any CPU
		{44D44C93-E0C1-F333-A925-732F9B42B6A0}.Debug|Any CPU.ActiveCfg = Debug|Any CPU
		{44D44C93-E0C1-F333-A925-732F9B42B6A0}.Debug|Any CPU.Build.0 = Debug|Any CPU
		{44D44C93-E0C1-F333-A925-732F9B42B6A0}.Release|Any CPU.ActiveCfg = Release|Any CPU
		{44D44C93-E0C1-F333-A925-732F9B42B6A0}.Release|Any CPU.Build.0 = Release|Any CPU
		{8321F2AC-6784-9ED7-304A-0AC975152C3B}.Debug|Any CPU.ActiveCfg = Debug|Any CPU
		{8321F2AC-6784-9ED7-304A-0AC975152C3B}.Debug|Any CPU.Build.0 = Debug|Any CPU
		{8321F2AC-6784-9ED7-304A-0AC975152C3B}.Release|Any CPU.ActiveCfg = Release|Any CPU
		{8321F2AC-6784-9ED7-304A-0AC975152C3B}.Release|Any CPU.Build.0 = Release|Any CPU
		{5C73670C-44D9-AEA3-B2A0-E29577A951A9}.Debug|Any CPU.ActiveCfg = Debug|Any CPU
		{5C73670C-44D9-AEA3-B2A0-E29577A951A9}.Debug|Any CPU.Build.0 = Debug|Any CPU
		{5C73670C-44D9-AEA3-B2A0-E29577A951A9}.Release|Any CPU.ActiveCfg = Release|Any CPU
		{5C73670C-44D9-AEA3-B2A0-E29577A951A9}.Release|Any CPU.Build.0 = Release|Any CPU
		{9E57C660-E78C-D2A0-0F67-DF3E6905D1AD}.Debug|Any CPU.ActiveCfg = Debug|Any CPU
		{9E57C660-E78C-D2A0-0F67-DF3E6905D1AD}.Debug|Any CPU.Build.0 = Debug|Any CPU
		{9E57C660-E78C-D2A0-0F67-DF3E6905D1AD}.Release|Any CPU.ActiveCfg = Release|Any CPU
		{9E57C660-E78C-D2A0-0F67-DF3E6905D1AD}.Release|Any CPU.Build.0 = Release|Any CPU
	EndGlobalSection
	GlobalSection(SolutionProperties) = preSolution
		HideSolutionNode = FALSE
	EndGlobalSection
EndGlobal
